
Microsoft Visual Studio Solution File, Format Version 12.00
# Visual Studio Version 17
VisualStudioVersion = 17.2.32519.379
MinimumVisualStudioVersion = 10.0.40219.1
Project("{FAE04EC0-301F-11D3-BF4B-00C04F79EFBC}") = "Day13_FindMax", "Day13_FindMax\Day13_FindMax.csproj", "{DC845AE5-40A4-4DB9-9D1D-B80796AF4D9B}"
EndProject
Global
	GlobalSection(SolutionConfigurationPlatforms) = preSolution
		Debug|Any CPU = Debug|Any CPU
		Release|Any CPU = Release|Any CPU
	EndGlobalSection
	GlobalSection(ProjectConfigurationPlatforms) = postSolution
		{DC845AE5-40A4-4DB9-9D1D-B80796AF4D9B}.Debug|Any CPU.ActiveCfg = Debug|Any CPU
		{DC845AE5-40A4-4DB9-9D1D-B80796AF4D9B}.Debug|Any CPU.Build.0 = Debug|Any CPU
		{DC845AE5-40A4-4DB9-9D1D-B80796AF4D9B}.Release|Any CPU.ActiveCfg = Release|Any CPU
		{DC845AE5-40A4-4DB9-9D1D-B80796AF4D9B}.Release|Any CPU.Build.0 = Release|Any CPU
	EndGlobalSection
	GlobalSection(SolutionProperties) = preSolution
		HideSolutionNode = FALSE
	EndGlobalSection
	GlobalSection(ExtensibilityGlobals) = postSolution
		SolutionGuid = {257D294B-E136-426E-9273-4FFB04F432B7}
	EndGlobalSection
EndGlobal
